Microsoft Visual Studio Solution File, Format Version 12.00
# Visual Studio Version 17
VisualStudioVersion = 17.5.2.0
MinimumVisualStudioVersion = 10.0.40219.1
Project("{FAE04EC0-301F-11D3-BF4B-00C04F79EFBC}") = "Digital pass management system", "Digital pass management system.csproj", "{D191FDF4-B057-8811-AF25-8AD994B57A8C}"
EndProject
Global
	GlobalSection(SolutionConfigurationPlatforms) = preSolution
		Debug|Any CPU = Debug|Any CPU
		Release|Any CPU = Release|Any CPU
	EndGlobalSection
	GlobalSection(ProjectConfigurationPlatforms) = postSolution
		{D191FDF4-B057-8811-AF25-8AD994B57A8C}.Debug|Any CPU.ActiveCfg = Debug|Any CPU
		{D191FDF4-B057-8811-AF25-8AD994B57A8C}.Debug|Any CPU.Build.0 = Debug|Any CPU
		{D191FDF4-B057-8811-AF25-8AD994B57A8C}.Release|Any CPU.ActiveCfg = Release|Any CPU
		{D191FDF4-B057-8811-AF25-8AD994B57A8C}.Release|Any CPU.Build.0 = Release|Any CPU
	EndGlobalSection
	GlobalSection(SolutionProperties) = preSolution
		HideSolutionNode = FALSE
	EndGlobalSection
	GlobalSection(ExtensibilityGlobals) = postSolution
		SolutionGuid = {06FCF623-1EF6-48A7-8408-1A0357E1A299}
	EndGlobalSection
EndGlobal
